// !$*UTF8*$!
{
	archiveVersion = 1;
	classes = {
	};
	objectVersion = 48;
	objects = {

/* Begin PBXBuildFile section */
		23D5AB551FB2EF9000C31122 /* AppDelegate.swift in Sources */ = {isa = PBXBuildFile; fileRef = 23D5AB541FB2EF9000C31122 /* AppDelegate.swift */; };
		23D5AB571FB2EF9100C31122 /* ViewController.swift in Sources */ = {isa = PBXBuildFile; fileRef = 23D5AB561FB2EF9100C31122 /* ViewController.swift */; };
		23D5AB5A1FB2EF9100C31122 /* Main.storyboard in Resources */ = {isa = PBXBuildFile; fileRef = 23D5AB581FB2EF9100C31122 /* Main.storyboard */; };
		23D5AB5D1FB2EF9100C31122 /* RadioControl.xcdatamodeld in Sources */ = {isa = PBXBuildFile; fileRef = 23D5AB5B1FB2EF9100C31122 /* RadioControl.xcdatamodeld */; };
		23D5AB5F1FB2EF9100C31122 /* Assets.xcassets in Resources */ = {isa = PBXBuildFile; fileRef = 23D5AB5E1FB2EF9100C31122 /* Assets.xcassets */; };
		23D5AB621FB2EF9100C31122 /* LaunchScreen.storyboard in Resources */ = {isa = PBXBuildFile; fileRef = 23D5AB601FB2EF9100C31122 /* LaunchScreen.storyboard */; };
		23D5AB6D1FB2EFA800C31122 /* ThrottleAnalogJoyStick.swift in Sources */ = {isa = PBXBuildFile; fileRef = 23D5AB691FB2EFA800C31122 /* ThrottleAnalogJoyStick.swift */; };
		23D5AB6E1FB2EFA800C31122 /* AnalogJoystick.swift in Sources */ = {isa = PBXBuildFile; fileRef = 23D5AB6A1FB2EFA800C31122 /* AnalogJoystick.swift */; };
		23D5AB6F1FB2EFA800C31122 /* GameScene.swift in Sources */ = {isa = PBXBuildFile; fileRef = 23D5AB6B1FB2EFA800C31122 /* GameScene.swift */; };
		23D5AB701FB2EFA800C31122 /* TransmitterManager.swift in Sources */ = {isa = PBXBuildFile; fileRef = 23D5AB6C1FB2EFA800C31122 /* TransmitterManager.swift */; };
/* End PBXBuildFile section */

/* Begin PBXFileReference section */
		23D5AB511FB2EF9000C31122 /* RadioControl.app */ = {isa = PBXFileReference; explicitFileType = wrapper.application; includeInIndex = 0; path = RadioControl.app; sourceTree = BUILT_PRODUCTS_DIR; };
		23D5AB541FB2EF9000C31122 /* AppDelegate.swift */ = {isa = PBXFileReference; lastKnownFileType = sourcecode.swift; path = AppDelegate.swift; sourceTree = "<group>"; };
		23D5AB561FB2EF9100C31122 /* ViewController.swift */ = {isa = PBXFileReference; lastKnownFileType = sourcecode.swift; path = ViewController.swift; sourceTree = "<group>"; };
		23D5AB591FB2EF9100C31122 /* Base */ = {isa = PBXFileReference; lastKnownFileType = file.storyboard; name = Base; path = Base.lproj/Main.storyboard; sourceTree = "<group>"; };
		23D5AB5C1FB2EF9100C31122 /* RadioControl.xcdatamodel */ = {isa = PBXFileReference; lastKnownFileType = wrapper.xcdatamodel; path = RadioControl.xcdatamodel; sourceTree = "<group>"; };
		23D5AB5E1FB2EF9100C31122 /* Assets.xcassets */ = {isa = PBXFileReference; lastKnownFileType = folder.assetcatalog; path = Assets.xcassets; sourceTree = "<group>"; };
		23D5AB611FB2EF9100C31122 /* Base */ = {isa = PBXFileReference; lastKnownFileType = file.storyboard; name = Base; path = Base.lproj/LaunchScreen.storyboard; sourceTree = "<group>"; };
		23D5AB631FB2EF9100C31122 /* Info.plist */ = {isa = PBXFileReference; lastKnownFileType = text.plist.xml; path = Info.plist; sourceTree = "<group>"; };
		23D5AB691FB2EFA800C31122 /* ThrottleAnalogJoyStick.swift */ = {isa = PBXFileReference; lastKnownFileType = sourcecode.swift; path = ThrottleAnalogJoyStick.swift; sourceTree = "<group>"; };
		23D5AB6A1FB2EFA800C31122 /* AnalogJoystick.swift */ = {isa = PBXFileReference; lastKnownFileType = sourcecode.swift; path = AnalogJoystick.swift; sourceTree = "<group>"; };
		23D5AB6B1FB2EFA800C31122 /* GameScene.swift */ = {isa = PBXFileReference; lastKnownFileType = sourcecode.swift; path = GameScene.swift; sourceTree = "<group>"; };
		23D5AB6C1FB2EFA800C31122 /* TransmitterManager.swift */ = {isa = PBXFileReference; lastKnownFileType = sourcecode.swift; path = TransmitterManager.swift; sourceTree = "<group>"; };
/* End PBXFileReference section */

/* Begin PBXFrameworksBuildPhase section */
		23D5AB4E1FB2EF9000C31122 /* Frameworks */ = {
			isa = PBXFrameworksBuildPhase;
			buildActionMask = 2147483647;
			files = (
			);
			runOnlyForDeploymentPostprocessing = 0;
		};
/* End PBXFrameworksBuildPhase section */

/* Begin PBXGroup section */
		23D5AB481FB2EF9000C31122 = {
			isa = PBXGroup;
			children = (
				23D5AB531FB2EF9000C31122 /* RadioControl */,
				23D5AB521FB2EF9000C31122 /* Products */,
			);
			sourceTree = "<group>";
		};
		23D5AB521FB2EF9000C31122 /* Products */ = {
			isa = PBXGroup;
			children = (
				23D5AB511FB2EF9000C31122 /* RadioControl.app */,
			);
			name = Products;
			sourceTree = "<group>";
		};
		23D5AB531FB2EF9000C31122 /* RadioControl */ = {
			isa = PBXGroup;
			children = (
				23D5AB541FB2EF9000C31122 /* AppDelegate.swift */,
				23D5AB691FB2EFA800C31122 /* ThrottleAnalogJoyStick.swift */,
				23D5AB6A1FB2EFA800C31122 /* AnalogJoystick.swift */,
				23D5AB6C1FB2EFA800C31122 /* TransmitterManager.swift */,
				23D5AB6B1FB2EFA800C31122 /* GameScene.swift */,
				23D5AB561FB2EF9100C31122 /* ViewController.swift */,
				23D5AB581FB2EF9100C31122 /* Main.storyboard */,
				23D5AB5E1FB2EF9100C31122 /* Assets.xcassets */,
				23D5AB601FB2EF9100C31122 /* LaunchScreen.storyboard */,
				23D5AB631FB2EF9100C31122 /* Info.plist */,
				23D5AB5B1FB2EF9100C31122 /* RadioControl.xcdatamodeld */,
			);
			path = RadioControl;
			sourceTree = "<group>";
		};
/* End PBXGroup section */

/* Begin PBXNativeTarget section */
		23D5AB501FB2EF9000C31122 /* RadioControl */ = {
			isa = PBXNativeTarget;
			buildConfigurationList = 23D5AB661FB2EF9100C31122 /* Build configuration list for PBXNativeTarget "RadioControl" */;
			buildPhases = (
				23D5AB4D1FB2EF9000C31122 /* Sources */,
				23D5AB4E1FB2EF9000C31122 /* Frameworks */,
				23D5AB4F1FB2EF9000C31122 /* Resources */,
			);
			buildRules = (
			);
			dependencies = (
			);
			name = RadioControl;
			productName = RadioControl;
			productReference = 23D5AB511FB2EF9000C31122 /* RadioControl.app */;
			productType = "com.apple.product-type.application";
		};
/* End PBXNativeTarget section */

/* Begin PBXProject section */
		23D5AB491FB2EF9000C31122 /* Project object */ = {
			isa = PBXProject;
			attributes = {
				LastSwiftUpdateCheck = 0900;
				LastUpgradeCheck = 0900;
				ORGANIZATIONNAME = Sorawit;
				TargetAttributes = {
					23D5AB501FB2EF9000C31122 = {
						CreatedOnToolsVersion = 9.0;
						ProvisioningStyle = Automatic;
					};
				};
			};
			buildConfigurationList = 23D5AB4C1FB2EF9000C31122 /* Build configuration list for PBXProject "RadioControl" */;
			compatibilityVersion = "Xcode 8.0";
			developmentRegion = en;
			hasScannedForEncodings = 0;
			knownRegions = (
				en,
				Base,
			);
			mainGroup = 23D5AB481FB2EF9000C31122;
			productRefGroup = 23D5AB521FB2EF9000C31122 /* Products */;
			projectDirPath = "";
			projectRoot = "";
			targets = (
				23D5AB501FB2EF9000C31122 /* RadioControl */,
			);
		};
/* End PBXProject section */

/* Begin PBXResourcesBuildPhase section */
		23D5AB4F1FB2EF9000C31122 /* Resources */ = {
			isa = PBXResourcesBuildPhase;
			buildActionMask = 2147483647;
			files = (
				23D5AB621FB2EF9100C31122 /* LaunchScreen.storyboard in Resources */,
				23D5AB5F1FB2EF9100C31122 /* Assets.xcassets in Resources */,
				23D5AB5A1FB2EF9100C31122 /* Main.storyboard in Resources */,
			);
			runOnlyForDeploymentPostprocessing = 0;
		};
/* End PBXResourcesBuildPhase section */

/* Begin PBXSourcesBuildPhase section */
		23D5AB4D1FB2EF9000C31122 /* Sources */ = {
			isa = PBXSourcesBuildPhase;
			buildActionMask = 2147483647;
			files = (
				23D5AB6F1FB2EFA800C31122 /* GameScene.swift in Sources */,
				23D5AB701FB2EFA800C31122 /* TransmitterManager.swift in Sources */,
				23D5AB571FB2EF9100C31122 /* ViewController.swift in Sources */,
				23D5AB6E1FB2EFA800C31122 /* AnalogJoystick.swift in Sources */,
				23D5AB5D1FB2EF9100C31122 /* RadioControl.xcdatamodeld in Sources */,
				23D5AB551FB2EF9000C31122 /* AppDelegate.swift in Sources */,
				23D5AB6D1FB2EFA800C31122 /* ThrottleAnalogJoyStick.swift in Sources */,
			);
			runOnlyForDeploymentPostprocessing = 0;
		};
/* End PBXSourcesBuildPhase section */

/* Begin PBXVariantGroup section */
		23D5AB581FB2EF9100C31122 /* Main.storyboard */ = {
			isa = PBXVariantGroup;
			children = (
				23D5AB591FB2EF9100C31122 /* Base */,
			);
			name = Main.storyboard;
			sourceTree = "<group>";
		};
		23D5AB601FB2EF9100C31122 /* LaunchScreen.storyboard */ = {
			isa = PBXVariantGroup;
			children = (
				23D5AB611FB2EF9100C31122 /* Base */,
			);
			name = LaunchScreen.storyboard;
			sourceTree = "<group>";
		};
/* End PBXVariantGroup section */

/* Begin XCBuildConfiguration section */
		23D5AB641FB2EF9100C31122 /* Debug */ = {
			isa = XCBuildConfiguration;
			buildSettings = {
				ALWAYS_SEARCH_USER_PATHS = NO;
				CLANG_ANALYZER_NONNULL = YES;
				CLANG_ANALYZER_NUMBER_OBJECT_CONVERSION = YES_AGGRESSIVE;
				CLANG_CXX_LANGUAGE_STANDARD = "gnu++14";
				CLANG_CXX_LIBRARY = "libc++";
				CLANG_ENABLE_MODULES = YES;
				CLANG_ENABLE_OBJC_ARC = YES;
				CLANG_WARN_BLOCK_CAPTURE_AUTORELEASING = YES;
				CLANG_WARN_BOOL_CONVERSION = YES;
				CLANG_WARN_COMMA = YES;
				CLANG_WARN_CONSTANT_CONVERSION = YES;
				CLANG_WARN_DIRECT_OBJC_ISA_USAGE = YES_ERROR;
				CLANG_WARN_DOCUMENTATION_COMMENTS = YES;
				CLANG_WARN_EMPTY_BODY = YES;
				CLANG_WARN_ENUM_CONVERSION = YES;
				CLANG_WARN_INFINITE_RECURSION = YES;
				CLANG_WARN_INT_CONVERSION = YES;
				CLANG_WARN_NON_LITERAL_NULL_CONVERSION = YES;
				CLANG_WARN_OBJC_LITERAL_CONVERSION = YES;
				CLANG_WARN_OBJC_ROOT_CLASS = YES_ERROR;
				CLANG_WARN_RANGE_LOOP_ANALYSIS = YES;
				CLANG_WARN_STRICT_PROTOTYPES = YES;
				CLANG_WARN_SUSPICIOUS_MOVE = YES;
				CLANG_WARN_UNGUARDED_AVAILABILITY = YES_AGGRESSIVE;
				CLANG_WARN_UNREACHABLE_CODE = YES;
				CLANG_WARN__DUPLICATE_METHOD_MATCH = YES;
				CODE_SIGN_IDENTITY = "iPhone Developer";
				COPY_PHASE_STRIP = NO;
				DEBUG_INFORMATION_FORMAT = dwarf;
				ENABLE_STRICT_OBJC_MSGSEND = YES;
				ENABLE_TESTABILITY = YES;
				GCC_C_LANGUAGE_STANDARD = gnu11;
				GCC_DYNAMIC_NO_PIC = NO;
				GCC_NO_COMMON_BLOCKS = YES;
				GCC_OPTIMIZATION_LEVEL = 0;
				GCC_PREPROCESSOR_DEFINITIONS = (
					"DEBUG=1",
					"$(inherited)",
				);
				GCC_WARN_64_TO_32_BIT_CONVERSION = YES;
				GCC_WARN_ABOUT_RETURN_TYPE = YES_ERROR;
				GCC_WARN_UNDECLARED_SELECTOR = YES;
				GCC_WARN_UNINITIALIZED_AUTOS = YES_AGGRESSIVE;
				GCC_WARN_UNUSED_FUNCTION = YES;
				GCC_WARN_UNUSED_VARIABLE = YES;
				IPHONEOS_DEPLOYMENT_TARGET = 11.0;
				MTL_ENABLE_DEBUG_INFO = YES;
				ONLY_ACTIVE_ARCH = YES;
				SDKROOT = iphoneos;
				SWIFT_ACTIVE_COMPILATION_CONDITIONS = DEBUG;
				SWIFT_OPTIMIZATION_LEVEL = "-Onone";
			};
			name = Debug;
		};
		23D5AB651FB2EF9100C31122 /* Release */ = {
			isa = XCBuildConfiguration;
			buildSettings = {
				ALWAYS_SEARCH_USER_PATHS = NO;
				CLANG_ANALYZER_NONNULL = YES;
				CLANG_ANALYZER_NUMBER_OBJECT_CONVERSION = YES_AGGRESSIVE;
				CLANG_CXX_LANGUAGE_STANDARD = "gnu++14";
				CLANG_CXX_LIBRARY = "libc++";
				CLANG_ENABLE_MODULES = YES;
				CLANG_ENABLE_OBJC_ARC = YES;
				CLANG_WARN_BLOCK_CAPTURE_AUTORELEASING = YES;
				CLANG_WARN_BOOL_CONVERSION = YES;
				CLANG_WARN_COMMA = YES;
				CLANG_WARN_CONSTANT_CONVERSION = YES;
				CLANG_WARN_DIRECT_OBJC_ISA_USAGE = YES_ERROR;
				CLANG_WARN_DOCUMENTATION_COMMENTS = YES;
				CLANG_WARN_EMPTY_BODY = YES;
				CLANG_WARN_ENUM_CONVERSION = YES;
				CLANG_WARN_INFINITE_RECURSION = YES;
				CLANG_WARN_INT_CONVERSION = YES;
				CLANG_WARN_NON_LITERAL_NULL_CONVERSION = YES;
				CLANG_WARN_OBJC_LITERAL_CONVERSION = YES;
				CLANG_WARN_OBJC_ROOT_CLASS = YES_ERROR;
				CLANG_WARN_RANGE_LOOP_ANALYSIS = YES;
				CLANG_WARN_STRICT_PROTOTYPES = YES;
				CLANG_WARN_SUSPICIOUS_MOVE = YES;
				CLANG_WARN_UNGUARDED_AVAILABILITY = YES_AGGRESSIVE;
				CLANG_WARN_UNREACHABLE_CODE = YES;
				CLANG_WARN__DUPLICATE_METHOD_MATCH = YES;
				CODE_SIGN_IDENTITY = "iPhone Developer";
				COPY_PHASE_STRIP = NO;
				DEBUG_INFORMATION_FORMAT = "dwarf-with-dsym";
				ENABLE_NS_ASSERTIONS = NO;
				ENABLE_STRICT_OBJC_MSGSEND = YES;
				GCC_C_LANGUAGE_STANDARD = gnu11;
				GCC_NO_COMMON_BLOCKS = YES;
				GCC_WARN_64_TO_32_BIT_CONVERSION = YES;
				GCC_WARN_ABOUT_RETURN_TYPE = YES_ERROR;
				GCC_WARN_UNDECLARED_SELECTOR = YES;
				GCC_WARN_UNINITIALIZED_AUTOS = YES_AGGRESSIVE;
				GCC_WARN_UNUSED_FUNCTION = YES;
				GCC_WARN_UNUSED_VARIABLE = YES;
				IPHONEOS_DEPLOYMENT_TARGET = 11.0;
				MTL_ENABLE_DEBUG_INFO = NO;
				SDKROOT = iphoneos;
				SWIFT_OPTIMIZATION_LEVEL = "-Owholemodule";
				VALIDATE_PRODUCT = YES;
			};
			name = Release;
		};
		23D5AB671FB2EF9100C31122 /* Debug */ = {
			isa = XCBuildConfiguration;
			buildSettings = {
				ASSETCATALOG_COMPILER_APPICON_NAME = AppIcon;
				CODE_SIGN_STYLE = Automatic;
				DEVELOPMENT_TEAM = 65PKPTRG94;
				INFOPLIST_FILE = RadioControl/Info.plist;
				LD_RUNPATH_SEARCH_PATHS = "$(inherited) @executable_path/Frameworks";
				PRODUCT_BUNDLE_IDENTIFIER = maclab.RadioControl;
				PRODUCT_NAME = "$(TARGET_NAME)";
				SWIFT_VERSION = 4.0;
				TARGETED_DEVICE_FAMILY = 2;
			};
			name = Debug;
		};
		23D5AB681FB2EF9100C31122 /* Release */ = {
			isa = XCBuildConfiguration;
			buildSettings = {
				ASSETCATALOG_COMPILER_APPICON_NAME = AppIcon;
				CODE_SIGN_STYLE = Automatic;
				DEVELOPMENT_TEAM = 65PKPTRG94;
				INFOPLIST_FILE = RadioControl/Info.plist;
				LD_RUNPATH_SEARCH_PATHS = "$(inherited) @executable_path/Frameworks";
				PRODUCT_BUNDLE_IDENTIFIER = maclab.RadioControl;
				PRODUCT_NAME = "$(TARGET_NAME)";
				SWIFT_VERSION = 4.0;
				TARGETED_DEVICE_FAMILY = 2;
			};
			name = Release;
		};
/* End XCBuildConfiguration section */

/* Begin XCConfigurationList section */
		23D5AB4C1FB2EF9000C31122 /* Build configuration list for PBXProject "RadioControl" */ = {
			isa = XCConfigurationList;
			buildConfigurations = (
				23D5AB641FB2EF9100C31122 /* Debug */,
				23D5AB651FB2EF9100C31122 /* Release */,
			);
			defaultConfigurationIsVisible = 0;
			defaultConfigurationName = Release;
		};
		23D5AB661FB2EF9100C31122 /* Build configuration list for PBXNativeTarget "RadioControl" */ = {
			isa = XCConfigurationList;
			buildConfigurations = (
				23D5AB671FB2EF9100C31122 /* Debug */,
				23D5AB681FB2EF9100C31122 /* Release */,
			);
			defaultConfigurationIsVisible = 0;
			defaultConfigurationName = Release;
		};
/* End XCConfigurationList section */

/* Begin XCVersionGroup section */
		23D5AB5B1FB2EF9100C31122 /* RadioControl.xcdatamodeld */ = {
			isa = XCVersionGroup;
			children = (
				23D5AB5C1FB2EF9100C31122 /* RadioControl.xcdatamodel */,
			);
			currentVersion = 23D5AB5C1FB2EF9100C31122 /* RadioControl.xcdatamodel */;
			path = RadioControl.xcdatamodeld;
			sourceTree = "<group>";
			versionGroupType = wrapper.xcdatamodel;
		};
/* End XCVersionGroup section */
	};
	rootObject = 23D5AB491FB2EF9000C31122 /* Project object */;
}
